
Microsoft Visual Studio Solution File, Format Version 12.00
# Visual Studio Version 17
VisualStudioVersion = 17.5.33530.505
MinimumVisualStudioVersion = 10.0.40219.1
Project("{FAE04EC0-301F-11D3-BF4B-00C04F79EFBC}") = "IvantiHubApi", "IvantiHubApi.csproj", "{1582473C-68AF-44DD-9138-F7A623B94612}"
EndProject
Project("{FAE04EC0-301F-11D3-BF4B-00C04F79EFBC}") = "IvantiHubApi.Tests", "..\IvantiHubApi.Tests\IvantiHubApi.Tests.csproj", "{F2229E79-0D7A-4566-AC33-82A600816638}"
EndProject
Global
	GlobalSection(SolutionConfigurationPlatforms) = preSolution
		Debug|Any CPU = Debug|Any CPU
		Release|Any CPU = Release|Any CPU
	EndGlobalSection
	GlobalSection(ProjectConfigurationPlatforms) = postSolution
		{1582473C-68AF-44DD-9138-F7A623B94612}.Debug|Any CPU.ActiveCfg = Debug|Any CPU
		{1582473C-68AF-44DD-9138-F7A623B94612}.Debug|Any CPU.Build.0 = Debug|Any CPU
		{1582473C-68AF-44DD-9138-F7A623B94612}.Release|Any CPU.ActiveCfg = Release|Any CPU
		{1582473C-68AF-44DD-9138-F7A623B94612}.Release|Any CPU.Build.0 = Release|Any CPU
		{F2229E79-0D7A-4566-AC33-82A600816638}.Debug|Any CPU.ActiveCfg = Debug|Any CPU
		{F2229E79-0D7A-4566-AC33-82A600816638}.Debug|Any CPU.Build.0 = Debug|Any CPU
		{F2229E79-0D7A-4566-AC33-82A600816638}.Release|Any CPU.ActiveCfg = Release|Any CPU
		{F2229E79-0D7A-4566-AC33-82A600816638}.Release|Any CPU.Build.0 = Release|Any CPU
	EndGlobalSection
	GlobalSection(SolutionProperties) = preSolution
		HideSolutionNode = FALSE
	EndGlobalSection
	GlobalSection(ExtensibilityGlobals) = postSolution
		SolutionGuid = {59118D11-6E68-47BF-A60F-2DABD5DF0B50}
	EndGlobalSection
EndGlobal
